// !$*UTF8*$!
{
	archiveVersion = 1;
	classes = {
	};
	objectVersion = 46;
	objects = {

/* Begin PBXBuildFile section */
		D06AE6911DEBC51B008A95DC /* AppDelegate.swift in Sources */ = {isa = PBXBuildFile; fileRef = D06AE6901DEBC51B008A95DC /* AppDelegate.swift */; };
		D06AE6931DEBC51B008A95DC /* ViewController.swift in Sources */ = {isa = PBXBuildFile; fileRef = D06AE6921DEBC51B008A95DC /* ViewController.swift */; };
		D06AE6961DEBC51B008A95DC /* Main.storyboard in Resources */ = {isa = PBXBuildFile; fileRef = D06AE6941DEBC51B008A95DC /* Main.storyboard */; };
		D06AE6981DEBC51B008A95DC /* Assets.xcassets in Resources */ = {isa = PBXBuildFile; fileRef = D06AE6971DEBC51B008A95DC /* Assets.xcassets */; };
		D06AE69B1DEBC51B008A95DC /* LaunchScreen.storyboard in Resources */ = {isa = PBXBuildFile; fileRef = D06AE6991DEBC51B008A95DC /* LaunchScreen.storyboard */; };
		D06AE6A01DEBC51B008A95DC /* PizzaWatch WatchKit App.app in Embed Watch Content */ = {isa = PBXBuildFile; fileRef = D06AE69F1DEBC51B008A95DC /* PizzaWatch WatchKit App.app */; };
		D06AE6A61DEBC51B008A95DC /* Interface.storyboard in Resources */ = {isa = PBXBuildFile; fileRef = D06AE6A41DEBC51B008A95DC /* Interface.storyboard */; };
		D06AE6A81DEBC51B008A95DC /* Assets.xcassets in Resources */ = {isa = PBXBuildFile; fileRef = D06AE6A71DEBC51B008A95DC /* Assets.xcassets */; };
		D06AE6AF1DEBC51B008A95DC /* PizzaWatch WatchKit Extension.appex in Embed App Extensions */ = {isa = PBXBuildFile; fileRef = D06AE6AE1DEBC51B008A95DC /* PizzaWatch WatchKit Extension.appex */; settings = {ATTRIBUTES = (RemoveHeadersOnCopy, ); }; };
		D06AE6B41DEBC51B008A95DC /* SizeSelectionInterfaceController.swift in Sources */ = {isa = PBXBuildFile; fileRef = D06AE6B31DEBC51B008A95DC /* SizeSelectionInterfaceController.swift */; };
		D06AE6B61DEBC51C008A95DC /* ExtensionDelegate.swift in Sources */ = {isa = PBXBuildFile; fileRef = D06AE6B51DEBC51C008A95DC /* ExtensionDelegate.swift */; };
		D06AE6B81DEBC51C008A95DC /* Assets.xcassets in Resources */ = {isa = PBXBuildFile; fileRef = D06AE6B71DEBC51C008A95DC /* Assets.xcassets */; };
		D06AE6C81DEBC964008A95DC /* Pizza.swift in Sources */ = {isa = PBXBuildFile; fileRef = D06AE6C71DEBC964008A95DC /* Pizza.swift */; };
		D06AE6CA1DEBCFB4008A95DC /* DoughSelectionInterfaceController.swift in Sources */ = {isa = PBXBuildFile; fileRef = D06AE6C91DEBCFB4008A95DC /* DoughSelectionInterfaceController.swift */; };
		D07EAB221DEBDD21002E9D31 /* CheesseSelectionInterfaceController.swift in Sources */ = {isa = PBXBuildFile; fileRef = D07EAB211DEBDD21002E9D31 /* CheesseSelectionInterfaceController.swift */; };
		D07EAB241DEBE799002E9D31 /* IngredientsSelectionInterfaceController.swift in Sources */ = {isa = PBXBuildFile; fileRef = D07EAB231DEBE799002E9D31 /* IngredientsSelectionInterfaceController.swift */; };
		D07EAB281DEBEB04002E9D31 /* IngredientRow.swift in Sources */ = {isa = PBXBuildFile; fileRef = D07EAB271DEBEB04002E9D31 /* IngredientRow.swift */; };
		D07EAB2A1DEBFAA2002E9D31 /* PizzaDetailRow.swift in Sources */ = {isa = PBXBuildFile; fileRef = D07EAB291DEBFAA2002E9D31 /* PizzaDetailRow.swift */; };
		D07EAB2C1DEBFB5D002E9D31 /* ConfirmationInterfaceController.swift in Sources */ = {isa = PBXBuildFile; fileRef = D07EAB2B1DEBFB5D002E9D31 /* ConfirmationInterfaceController.swift */; };
/* End PBXBuildFile section */

/* Begin PBXContainerItemProxy section */
		D06AE6A11DEBC51B008A95DC /* PBXContainerItemProxy */ = {
			isa = PBXContainerItemProxy;
			containerPortal = D06AE6851DEBC518008A95DC /* Project object */;
			proxyType = 1;
			remoteGlobalIDString = D06AE69E1DEBC51B008A95DC;
			remoteInfo = "PizzaWatch WatchKit App";
		};
		D06AE6B01DEBC51B008A95DC /* PBXContainerItemProxy */ = {
			isa = PBXContainerItemProxy;
			containerPortal = D06AE6851DEBC518008A95DC /* Project object */;
			proxyType = 1;
			remoteGlobalIDString = D06AE6AD1DEBC51B008A95DC;
			remoteInfo = "PizzaWatch WatchKit Extension";
		};
/* End PBXContainerItemProxy section */

/* Begin PBXCopyFilesBuildPhase section */
		D06AE6BF1DEBC51C008A95DC /* Embed App Extensions */ = {
			isa = PBXCopyFilesBuildPhase;
			buildActionMask = 2147483647;
			dstPath = "";
			dstSubfolderSpec = 13;
			files = (
				D06AE6AF1DEBC51B008A95DC /* PizzaWatch WatchKit Extension.appex in Embed App Extensions */,
			);
			name = "Embed App Extensions";
			runOnlyForDeploymentPostprocessing = 0;
		};
		D06AE6C31DEBC51C008A95DC /* Embed Watch Content */ = {
			isa = PBXCopyFilesBuildPhase;
			buildActionMask = 2147483647;
			dstPath = "$(CONTENTS_FOLDER_PATH)/Watch";
			dstSubfolderSpec = 16;
			files = (
				D06AE6A01DEBC51B008A95DC /* PizzaWatch WatchKit App.app in Embed Watch Content */,
			);
			name = "Embed Watch Content";
			runOnlyForDeploymentPostprocessing = 0;
		};
/* End PBXCopyFilesBuildPhase section */

/* Begin PBXFileReference section */
		D06AE68D1DEBC51B008A95DC /* PizzaWatch.app */ = {isa = PBXFileReference; explicitFileType = wrapper.application; includeInIndex = 0; path = PizzaWatch.app; sourceTree = BUILT_PRODUCTS_DIR; };
		D06AE6901DEBC51B008A95DC /* AppDelegate.swift */ = {isa = PBXFileReference; lastKnownFileType = sourcecode.swift; path = AppDelegate.swift; sourceTree = "<group>"; };
		D06AE6921DEBC51B008A95DC /* ViewController.swift */ = {isa = PBXFileReference; lastKnownFileType = sourcecode.swift; path = ViewController.swift; sourceTree = "<group>"; };
		D06AE6951DEBC51B008A95DC /* Base */ = {isa = PBXFileReference; lastKnownFileType = file.storyboard; name = Base; path = Base.lproj/Main.storyboard; sourceTree = "<group>"; };
		D06AE6971DEBC51B008A95DC /* Assets.xcassets */ = {isa = PBXFileReference; lastKnownFileType = folder.assetcatalog; path = Assets.xcassets; sourceTree = "<group>"; };
		D06AE69A1DEBC51B008A95DC /* Base */ = {isa = PBXFileReference; lastKnownFileType = file.storyboard; name = Base; path = Base.lproj/LaunchScreen.storyboard; sourceTree = "<group>"; };
		D06AE69C1DEBC51B008A95DC /* Info.plist */ = {isa = PBXFileReference; lastKnownFileType = text.plist.xml; path = Info.plist; sourceTree = "<group>"; };
		D06AE69F1DEBC51B008A95DC /* PizzaWatch WatchKit App.app */ = {isa = PBXFileReference; explicitFileType = wrapper.application; includeInIndex = 0; path = "PizzaWatch WatchKit App.app"; sourceTree = BUILT_PRODUCTS_DIR; };
		D06AE6A51DEBC51B008A95DC /* Base */ = {isa = PBXFileReference; lastKnownFileType = file.storyboard; name = Base; path = Base.lproj/Interface.storyboard; sourceTree = "<group>"; };
		D06AE6A71DEBC51B008A95DC /* Assets.xcassets */ = {isa = PBXFileReference; lastKnownFileType = folder.assetcatalog; path = Assets.xcassets; sourceTree = "<group>"; };
		D06AE6A91DEBC51B008A95DC /* Info.plist */ = {isa = PBXFileReference; lastKnownFileType = text.plist.xml; path = Info.plist; sourceTree = "<group>"; };
		D06AE6AE1DEBC51B008A95DC /* PizzaWatch WatchKit Extension.appex */ = {isa = PBXFileReference; explicitFileType = "wrapper.app-extension"; includeInIndex = 0; path = "PizzaWatch WatchKit Extension.appex"; sourceTree = BUILT_PRODUCTS_DIR; };
		D06AE6B31DEBC51B008A95DC /* SizeSelectionInterfaceController.swift */ = {isa = PBXFileReference; lastKnownFileType = sourcecode.swift; path = SizeSelectionInterfaceController.swift; sourceTree = "<group>"; };
		D06AE6B51DEBC51C008A95DC /* ExtensionDelegate.swift */ = {isa = PBXFileReference; lastKnownFileType = sourcecode.swift; path = ExtensionDelegate.swift; sourceTree = "<group>"; };
		D06AE6B71DEBC51C008A95DC /* Assets.xcassets */ = {isa = PBXFileReference; lastKnownFileType = folder.assetcatalog; path = Assets.xcassets; sourceTree = "<group>"; };
		D06AE6B91DEBC51C008A95DC /* Info.plist */ = {isa = PBXFileReference; lastKnownFileType = text.plist.xml; path = Info.plist; sourceTree = "<group>"; };
		D06AE6C71DEBC964008A95DC /* Pizza.swift */ = {isa = PBXFileReference; fileEncoding = 4; lastKnownFileType = sourcecode.swift; path = Pizza.swift; sourceTree = "<group>"; };
		D06AE6C91DEBCFB4008A95DC /* DoughSelectionInterfaceController.swift */ = {isa = PBXFileReference; fileEncoding = 4; lastKnownFileType = sourcecode.swift; path = DoughSelectionInterfaceController.swift; sourceTree = "<group>"; };
		D07EAB211DEBDD21002E9D31 /* CheesseSelectionInterfaceController.swift */ = {isa = PBXFileReference; fileEncoding = 4; lastKnownFileType = sourcecode.swift; path = CheesseSelectionInterfaceController.swift; sourceTree = "<group>"; };
		D07EAB231DEBE799002E9D31 /* IngredientsSelectionInterfaceController.swift */ = {isa = PBXFileReference; fileEncoding = 4; lastKnownFileType = sourcecode.swift; path = IngredientsSelectionInterfaceController.swift; sourceTree = "<group>"; };
		D07EAB271DEBEB04002E9D31 /* IngredientRow.swift */ = {isa = PBXFileReference; fileEncoding = 4; lastKnownFileType = sourcecode.swift; path = IngredientRow.swift; sourceTree = "<group>"; };
		D07EAB291DEBFAA2002E9D31 /* PizzaDetailRow.swift */ = {isa = PBXFileReference; fileEncoding = 4; lastKnownFileType = sourcecode.swift; path = PizzaDetailRow.swift; sourceTree = "<group>"; };
		D07EAB2B1DEBFB5D002E9D31 /* ConfirmationInterfaceController.swift */ = {isa = PBXFileReference; fileEncoding = 4; lastKnownFileType = sourcecode.swift; path = ConfirmationInterfaceController.swift; sourceTree = "<group>"; };
/* End PBXFileReference section */

/* Begin PBXFrameworksBuildPhase section */
		D06AE68A1DEBC518008A95DC /* Frameworks */ = {
			isa = PBXFrameworksBuildPhase;
			buildActionMask = 2147483647;
			files = (
			);
			runOnlyForDeploymentPostprocessing = 0;
		};
		D06AE6AB1DEBC51B008A95DC /* Frameworks */ = {
			isa = PBXFrameworksBuildPhase;
			buildActionMask = 2147483647;
			files = (
			);
			runOnlyForDeploymentPostprocessing = 0;
		};
/* End PBXFrameworksBuildPhase section */

/* Begin PBXGroup section */
		D06AE6841DEBC518008A95DC = {
			isa = PBXGroup;
			children = (
				D06AE68F1DEBC51B008A95DC /* PizzaWatch */,
				D06AE6A31DEBC51B008A95DC /* PizzaWatch WatchKit App */,
				D06AE6B21DEBC51B008A95DC /* PizzaWatch WatchKit Extension */,
				D06AE68E1DEBC51B008A95DC /* Products */,
			);
			sourceTree = "<group>";
		};
		D06AE68E1DEBC51B008A95DC /* Products */ = {
			isa = PBXGroup;
			children = (
				D06AE68D1DEBC51B008A95DC /* PizzaWatch.app */,
				D06AE69F1DEBC51B008A95DC /* PizzaWatch WatchKit App.app */,
				D06AE6AE1DEBC51B008A95DC /* PizzaWatch WatchKit Extension.appex */,
			);
			name = Products;
			sourceTree = "<group>";
		};
		D06AE68F1DEBC51B008A95DC /* PizzaWatch */ = {
			isa = PBXGroup;
			children = (
				D06AE6901DEBC51B008A95DC /* AppDelegate.swift */,
				D06AE6921DEBC51B008A95DC /* ViewController.swift */,
				D06AE6941DEBC51B008A95DC /* Main.storyboard */,
				D06AE6971DEBC51B008A95DC /* Assets.xcassets */,
				D06AE6991DEBC51B008A95DC /* LaunchScreen.storyboard */,
				D06AE69C1DEBC51B008A95DC /* Info.plist */,
			);
			path = PizzaWatch;
			sourceTree = "<group>";
		};
		D06AE6A31DEBC51B008A95DC /* PizzaWatch WatchKit App */ = {
			isa = PBXGroup;
			children = (
				D06AE6A41DEBC51B008A95DC /* Interface.storyboard */,
				D06AE6A71DEBC51B008A95DC /* Assets.xcassets */,
				D06AE6A91DEBC51B008A95DC /* Info.plist */,
			);
			path = "PizzaWatch WatchKit App";
			sourceTree = "<group>";
		};
		D06AE6B21DEBC51B008A95DC /* PizzaWatch WatchKit Extension */ = {
			isa = PBXGroup;
			children = (
				D06AE6B31DEBC51B008A95DC /* SizeSelectionInterfaceController.swift */,
				D06AE6C91DEBCFB4008A95DC /* DoughSelectionInterfaceController.swift */,
				D07EAB211DEBDD21002E9D31 /* CheesseSelectionInterfaceController.swift */,
				D07EAB231DEBE799002E9D31 /* IngredientsSelectionInterfaceController.swift */,
				D07EAB2B1DEBFB5D002E9D31 /* ConfirmationInterfaceController.swift */,
				D07EAB271DEBEB04002E9D31 /* IngredientRow.swift */,
				D07EAB291DEBFAA2002E9D31 /* PizzaDetailRow.swift */,
				D06AE6C71DEBC964008A95DC /* Pizza.swift */,
				D06AE6B51DEBC51C008A95DC /* ExtensionDelegate.swift */,
				D06AE6B71DEBC51C008A95DC /* Assets.xcassets */,
				D06AE6B91DEBC51C008A95DC /* Info.plist */,
			);
			path = "PizzaWatch WatchKit Extension";
			sourceTree = "<group>";
		};
/* End PBXGroup section */

/* Begin PBXNativeTarget section */
		D06AE68C1DEBC518008A95DC /* PizzaWatch */ = {
			isa = PBXNativeTarget;
			buildConfigurationList = D06AE6C41DEBC51C008A95DC /* Build configuration list for PBXNativeTarget "PizzaWatch" */;
			buildPhases = (
				D06AE6891DEBC518008A95DC /* Sources */,
				D06AE68A1DEBC518008A95DC /* Frameworks */,
				D06AE68B1DEBC518008A95DC /* Resources */,
				D06AE6C31DEBC51C008A95DC /* Embed Watch Content */,
			);
			buildRules = (
			);
			dependencies = (
				D06AE6A21DEBC51B008A95DC /* PBXTargetDependency */,
			);
			name = PizzaWatch;
			productName = PizzaWatch;
			productReference = D06AE68D1DEBC51B008A95DC /* PizzaWatch.app */;
			productType = "com.apple.product-type.application";
		};
		D06AE69E1DEBC51B008A95DC /* PizzaWatch WatchKit App */ = {
			isa = PBXNativeTarget;
			buildConfigurationList = D06AE6C01DEBC51C008A95DC /* Build configuration list for PBXNativeTarget "PizzaWatch WatchKit App" */;
			buildPhases = (
				D06AE69D1DEBC51B008A95DC /* Resources */,
				D06AE6BF1DEBC51C008A95DC /* Embed App Extensions */,
			);
			buildRules = (
			);
			dependencies = (
				D06AE6B11DEBC51B008A95DC /* PBXTargetDependency */,
			);
			name = "PizzaWatch WatchKit App";
			productName = "PizzaWatch WatchKit App";
			productReference = D06AE69F1DEBC51B008A95DC /* PizzaWatch WatchKit App.app */;
			productType = "com.apple.product-type.application.watchapp2";
		};
		D06AE6AD1DEBC51B008A95DC /* PizzaWatch WatchKit Extension */ = {
			isa = PBXNativeTarget;
			buildConfigurationList = D06AE6BC1DEBC51C008A95DC /* Build configuration list for PBXNativeTarget "PizzaWatch WatchKit Extension" */;
			buildPhases = (
				D06AE6AA1DEBC51B008A95DC /* Sources */,
				D06AE6AB1DEBC51B008A95DC /* Frameworks */,
				D06AE6AC1DEBC51B008A95DC /* Resources */,
			);
			buildRules = (
			);
			dependencies = (
			);
			name = "PizzaWatch WatchKit Extension";
			productName = "PizzaWatch WatchKit Extension";
			productReference = D06AE6AE1DEBC51B008A95DC /* PizzaWatch WatchKit Extension.appex */;
			productType = "com.apple.product-type.watchkit2-extension";
		};
/* End PBXNativeTarget section */

/* Begin PBXProject section */
		D06AE6851DEBC518008A95DC /* Project object */ = {
			isa = PBXProject;
			attributes = {
				LastSwiftUpdateCheck = 0810;
				LastUpgradeCheck = 0810;
				ORGANIZATIONNAME = soltek;
				TargetAttributes = {
					D06AE68C1DEBC518008A95DC = {
						CreatedOnToolsVersion = 8.1;
						DevelopmentTeam = B2HCREP8QY;
						ProvisioningStyle = Automatic;
					};
					D06AE69E1DEBC51B008A95DC = {
						CreatedOnToolsVersion = 8.1;
						DevelopmentTeam = B2HCREP8QY;
						ProvisioningStyle = Automatic;
					};
					D06AE6AD1DEBC51B008A95DC = {
						CreatedOnToolsVersion = 8.1;
						DevelopmentTeam = B2HCREP8QY;
						ProvisioningStyle = Automatic;
					};
				};
			};
			buildConfigurationList = D06AE6881DEBC518008A95DC /* Build configuration list for PBXProject "PizzaWatch" */;
			compatibilityVersion = "Xcode 3.2";
			developmentRegion = English;
			hasScannedForEncodings = 0;
			knownRegions = (
				en,
				Base,
			);
			mainGroup = D06AE6841DEBC518008A95DC;
			productRefGroup = D06AE68E1DEBC51B008A95DC /* Products */;
			projectDirPath = "";
			projectRoot = "";
			targets = (
				D06AE68C1DEBC518008A95DC /* PizzaWatch */,
				D06AE69E1DEBC51B008A95DC /* PizzaWatch WatchKit App */,
				D06AE6AD1DEBC51B008A95DC /* PizzaWatch WatchKit Extension */,
			);
		};
/* End PBXProject section */

/* Begin PBXResourcesBuildPhase section */
		D06AE68B1DEBC518008A95DC /* Resources */ = {
			isa = PBXResourcesBuildPhase;
			buildActionMask = 2147483647;
			files = (
				D06AE69B1DEBC51B008A95DC /* LaunchScreen.storyboard in Resources */,
				D06AE6981DEBC51B008A95DC /* Assets.xcassets in Resources */,
				D06AE6961DEBC51B008A95DC /* Main.storyboard in Resources */,
			);
			runOnlyForDeploymentPostprocessing = 0;
		};
		D06AE69D1DEBC51B008A95DC /* Resources */ = {
			isa = PBXResourcesBuildPhase;
			buildActionMask = 2147483647;
			files = (
				D06AE6A81DEBC51B008A95DC /* Assets.xcassets in Resources */,
				D06AE6A61DEBC51B008A95DC /* Interface.storyboard in Resources */,
			);
			runOnlyForDeploymentPostprocessing = 0;
		};
		D06AE6AC1DEBC51B008A95DC /* Resources */ = {
			isa = PBXResourcesBuildPhase;
			buildActionMask = 2147483647;
			files = (
				D06AE6B81DEBC51C008A95DC /* Assets.xcassets in Resources */,
			);
			runOnlyForDeploymentPostprocessing = 0;
		};
/* End PBXResourcesBuildPhase section */

/* Begin PBXSourcesBuildPhase section */
		D06AE6891DEBC518008A95DC /* Sources */ = {
			isa = PBXSourcesBuildPhase;
			buildActionMask = 2147483647;
			files = (
				D06AE6931DEBC51B008A95DC /* ViewController.swift in Sources */,
				D06AE6911DEBC51B008A95DC /* AppDelegate.swift in Sources */,
			);
			runOnlyForDeploymentPostprocessing = 0;
		};
		D06AE6AA1DEBC51B008A95DC /* Sources */ = {
			isa = PBXSourcesBuildPhase;
			buildActionMask = 2147483647;
			files = (
				D07EAB2A1DEBFAA2002E9D31 /* PizzaDetailRow.swift in Sources */,
				D07EAB2C1DEBFB5D002E9D31 /* ConfirmationInterfaceController.swift in Sources */,
				D07EAB221DEBDD21002E9D31 /* CheesseSelectionInterfaceController.swift in Sources */,
				D06AE6CA1DEBCFB4008A95DC /* DoughSelectionInterfaceController.swift in Sources */,
				D06AE6B61DEBC51C008A95DC /* ExtensionDelegate.swift in Sources */,
				D07EAB241DEBE799002E9D31 /* IngredientsSelectionInterfaceController.swift in Sources */,
				D06AE6B41DEBC51B008A95DC /* SizeSelectionInterfaceController.swift in Sources */,
				D06AE6C81DEBC964008A95DC /* Pizza.swift in Sources */,
				D07EAB281DEBEB04002E9D31 /* IngredientRow.swift in Sources */,
			);
			runOnlyForDeploymentPostprocessing = 0;
		};
/* End PBXSourcesBuildPhase section */

/* Begin PBXTargetDependency section */
		D06AE6A21DEBC51B008A95DC /* PBXTargetDependency */ = {
			isa = PBXTargetDependency;
			target = D06AE69E1DEBC51B008A95DC /* PizzaWatch WatchKit App */;
			targetProxy = D06AE6A11DEBC51B008A95DC /* PBXContainerItemProxy */;
		};
		D06AE6B11DEBC51B008A95DC /* PBXTargetDependency */ = {
			isa = PBXTargetDependency;
			target = D06AE6AD1DEBC51B008A95DC /* PizzaWatch WatchKit Extension */;
			targetProxy = D06AE6B01DEBC51B008A95DC /* PBXContainerItemProxy */;
		};
/* End PBXTargetDependency section */

/* Begin PBXVariantGroup section */
		D06AE6941DEBC51B008A95DC /* Main.storyboard */ = {
			isa = PBXVariantGroup;
			children = (
				D06AE6951DEBC51B008A95DC /* Base */,
			);
			name = Main.storyboard;
			sourceTree = "<group>";
		};
		D06AE6991DEBC51B008A95DC /* LaunchScreen.storyboard */ = {
			isa = PBXVariantGroup;
			children = (
				D06AE69A1DEBC51B008A95DC /* Base */,
			);
			name = LaunchScreen.storyboard;
			sourceTree = "<group>";
		};
		D06AE6A41DEBC51B008A95DC /* Interface.storyboard */ = {
			isa = PBXVariantGroup;
			children = (
				D06AE6A51DEBC51B008A95DC /* Base */,
			);
			name = Interface.storyboard;
			sourceTree = "<group>";
		};
/* End PBXVariantGroup section */

/* Begin XCBuildConfiguration section */
		D06AE6BA1DEBC51C008A95DC /* Debug */ = {
			isa = XCBuildConfiguration;
			buildSettings = {
				ALWAYS_SEARCH_USER_PATHS = NO;
				CLANG_ANALYZER_NONNULL = YES;
				CLANG_CXX_LANGUAGE_STANDARD = "gnu++0x";
				CLANG_CXX_LIBRARY = "libc++";
				CLANG_ENABLE_MODULES = YES;
				CLANG_ENABLE_OBJC_ARC = YES;
				CLANG_WARN_BOOL_CONVERSION = YES;
				CLANG_WARN_CONSTANT_CONVERSION = YES;
				CLANG_WARN_DIRECT_OBJC_ISA_USAGE = YES_ERROR;
				CLANG_WARN_DOCUMENTATION_COMMENTS = YES;
				CLANG_WARN_EMPTY_BODY = YES;
				CLANG_WARN_ENUM_CONVERSION = YES;
				CLANG_WARN_INFINITE_RECURSION = YES;
				CLANG_WARN_INT_CONVERSION = YES;
				CLANG_WARN_OBJC_ROOT_CLASS = YES_ERROR;
				CLANG_WARN_SUSPICIOUS_MOVES = YES;
				CLANG_WARN_UNREACHABLE_CODE = YES;
				CLANG_WARN__DUPLICATE_METHOD_MATCH = YES;
				"CODE_SIGN_IDENTITY[sdk=iphoneos*]" = "iPhone Developer";
				COPY_PHASE_STRIP = NO;
				DEBUG_INFORMATION_FORMAT = dwarf;
				ENABLE_STRICT_OBJC_MSGSEND = YES;
				ENABLE_TESTABILITY = YES;
				GCC_C_LANGUAGE_STANDARD = gnu99;
				GCC_DYNAMIC_NO_PIC = NO;
				GCC_NO_COMMON_BLOCKS = YES;
				GCC_OPTIMIZATION_LEVEL = 0;
				GCC_PREPROCESSOR_DEFINITIONS = (
					"DEBUG=1",
					"$(inherited)",
				);
				GCC_WARN_64_TO_32_BIT_CONVERSION = YES;
				GCC_WARN_ABOUT_RETURN_TYPE = YES_ERROR;
				GCC_WARN_UNDECLARED_SELECTOR = YES;
				GCC_WARN_UNINITIALIZED_AUTOS = YES_AGGRESSIVE;
				GCC_WARN_UNUSED_FUNCTION = YES;
				GCC_WARN_UNUSED_VARIABLE = YES;
				IPHONEOS_DEPLOYMENT_TARGET = 10.1;
				MTL_ENABLE_DEBUG_INFO = YES;
				ONLY_ACTIVE_ARCH = YES;
				SDKROOT = iphoneos;
				SWIFT_ACTIVE_COMPILATION_CONDITIONS = DEBUG;
				SWIFT_OPTIMIZATION_LEVEL = "-Onone";
			};
			name = Debug;
		};
		D06AE6BB1DEBC51C008A95DC /* Release */ = {
			isa = XCBuildConfiguration;
			buildSettings = {
				ALWAYS_SEARCH_USER_PATHS = NO;
				CLANG_ANALYZER_NONNULL = YES;
				CLANG_CXX_LANGUAGE_STANDARD = "gnu++0x";
				CLANG_CXX_LIBRARY = "libc++";
				CLANG_ENABLE_MODULES = YES;
				CLANG_ENABLE_OBJC_ARC = YES;
				CLANG_WARN_BOOL_CONVERSION = YES;
				CLANG_WARN_CONSTANT_CONVERSION = YES;
				CLANG_WARN_DIRECT_OBJC_ISA_USAGE = YES_ERROR;
				CLANG_WARN_DOCUMENTATION_COMMENTS = YES;
				CLANG_WARN_EMPTY_BODY = YES;
				CLANG_WARN_ENUM_CONVERSION = YES;
				CLANG_WARN_INFINITE_RECURSION = YES;
				CLANG_WARN_INT_CONVERSION = YES;
				CLANG_WARN_OBJC_ROOT_CLASS = YES_ERROR;
				CLANG_WARN_SUSPICIOUS_MOVES = YES;
				CLANG_WARN_UNREACHABLE_CODE = YES;
				CLANG_WARN__DUPLICATE_METHOD_MATCH = YES;
				"CODE_SIGN_IDENTITY[sdk=iphoneos*]" = "iPhone Developer";
				COPY_PHASE_STRIP = NO;
				DEBUG_INFORMATION_FORMAT = "dwarf-with-dsym";
				ENABLE_NS_ASSERTIONS = NO;
				ENABLE_STRICT_OBJC_MSGSEND = YES;
				GCC_C_LANGUAGE_STANDARD = gnu99;
				GCC_NO_COMMON_BLOCKS = YES;
				GCC_WARN_64_TO_32_BIT_CONVERSION = YES;
				GCC_WARN_ABOUT_RETURN_TYPE = YES_ERROR;
				GCC_WARN_UNDECLARED_SELECTOR = YES;
				GCC_WARN_UNINITIALIZED_AUTOS = YES_AGGRESSIVE;
				GCC_WARN_UNUSED_FUNCTION = YES;
				GCC_WARN_UNUSED_VARIABLE = YES;
				IPHONEOS_DEPLOYMENT_TARGET = 10.1;
				MTL_ENABLE_DEBUG_INFO = NO;
				SDKROOT = iphoneos;
				SWIFT_OPTIMIZATION_LEVEL = "-Owholemodule";
				VALIDATE_PRODUCT = YES;
			};
			name = Release;
		};
		D06AE6BD1DEBC51C008A95DC /* Debug */ = {
			isa = XCBuildConfiguration;
			buildSettings = {
				ASSETCATALOG_COMPILER_COMPLICATION_NAME = Complication;
				DEVELOPMENT_TEAM = B2HCREP8QY;
				INFOPLIST_FILE = "PizzaWatch WatchKit Extension/Info.plist";
				LD_RUNPATH_SEARCH_PATHS = "$(inherited) @executable_path/Frameworks @executable_path/../../Frameworks";
				PRODUCT_BUNDLE_IDENTIFIER = mx.PizzaWatch.watchkitapp.watchkitextension;
				PRODUCT_NAME = "${TARGET_NAME}";
				SDKROOT = watchos;
				SKIP_INSTALL = YES;
				SWIFT_VERSION = 3.0;
				TARGETED_DEVICE_FAMILY = 4;
				WATCHOS_DEPLOYMENT_TARGET = 3.1;
			};
			name = Debug;
		};
		D06AE6BE1DEBC51C008A95DC /* Release */ = {
			isa = XCBuildConfiguration;
			buildSettings = {
				ASSETCATALOG_COMPILER_COMPLICATION_NAME = Complication;
				DEVELOPMENT_TEAM = B2HCREP8QY;
				INFOPLIST_FILE = "PizzaWatch WatchKit Extension/Info.plist";
				LD_RUNPATH_SEARCH_PATHS = "$(inherited) @executable_path/Frameworks @executable_path/../../Frameworks";
				PRODUCT_BUNDLE_IDENTIFIER = mx.PizzaWatch.watchkitapp.watchkitextension;
				PRODUCT_NAME = "${TARGET_NAME}";
				SDKROOT = watchos;
				SKIP_INSTALL = YES;
				SWIFT_VERSION = 3.0;
				TARGETED_DEVICE_FAMILY = 4;
				WATCHOS_DEPLOYMENT_TARGET = 3.1;
			};
			name = Release;
		};
		D06AE6C11DEBC51C008A95DC /* Debug */ = {
			isa = XCBuildConfiguration;
			buildSettings = {
				ALWAYS_EMBED_SWIFT_STANDARD_LIBRARIES = YES;
				ASSETCATALOG_COMPILER_APPICON_NAME = AppIcon;
				DEVELOPMENT_TEAM = B2HCREP8QY;
				IBSC_MODULE = PizzaWatch_WatchKit_Extension;
				INFOPLIST_FILE = "PizzaWatch WatchKit App/Info.plist";
				PRODUCT_BUNDLE_IDENTIFIER = mx.PizzaWatch.watchkitapp;
				PRODUCT_NAME = "$(TARGET_NAME)";
				SDKROOT = watchos;
				SKIP_INSTALL = YES;
				SWIFT_VERSION = 3.0;
				TARGETED_DEVICE_FAMILY = 4;
				WATCHOS_DEPLOYMENT_TARGET = 3.1;
			};
			name = Debug;
		};
		D06AE6C21DEBC51C008A95DC /* Release */ = {
			isa = XCBuildConfiguration;
			buildSettings = {
				ALWAYS_EMBED_SWIFT_STANDARD_LIBRARIES = YES;
				ASSETCATALOG_COMPILER_APPICON_NAME = AppIcon;
				DEVELOPMENT_TEAM = B2HCREP8QY;
				IBSC_MODULE = PizzaWatch_WatchKit_Extension;
				INFOPLIST_FILE = "PizzaWatch WatchKit App/Info.plist";
				PRODUCT_BUNDLE_IDENTIFIER = mx.PizzaWatch.watchkitapp;
				PRODUCT_NAME = "$(TARGET_NAME)";
				SDKROOT = watchos;
				SKIP_INSTALL = YES;
				SWIFT_VERSION = 3.0;
				TARGETED_DEVICE_FAMILY = 4;
				WATCHOS_DEPLOYMENT_TARGET = 3.1;
			};
			name = Release;
		};
		D06AE6C51DEBC51C008A95DC /* Debug */ = {
			isa = XCBuildConfiguration;
			buildSettings = {
				ASSETCATALOG_COMPILER_APPICON_NAME = AppIcon;
				DEVELOPMENT_TEAM = B2HCREP8QY;
				INFOPLIST_FILE = PizzaWatch/Info.plist;
				LD_RUNPATH_SEARCH_PATHS = "$(inherited) @executable_path/Frameworks";
				PRODUCT_BUNDLE_IDENTIFIER = mx.PizzaWatch;
				PRODUCT_NAME = "$(TARGET_NAME)";
				SWIFT_VERSION = 3.0;
			};
			name = Debug;
		};
		D06AE6C61DEBC51C008A95DC /* Release */ = {
			isa = XCBuildConfiguration;
			buildSettings = {
				ASSETCATALOG_COMPILER_APPICON_NAME = AppIcon;
				DEVELOPMENT_TEAM = B2HCREP8QY;
				INFOPLIST_FILE = PizzaWatch/Info.plist;
				LD_RUNPATH_SEARCH_PATHS = "$(inherited) @executable_path/Frameworks";
				PRODUCT_BUNDLE_IDENTIFIER = mx.PizzaWatch;
				PRODUCT_NAME = "$(TARGET_NAME)";
				SWIFT_VERSION = 3.0;
			};
			name = Release;
		};
/* End XCBuildConfiguration section */

/* Begin XCConfigurationList section */
		D06AE6881DEBC518008A95DC /* Build configuration list for PBXProject "PizzaWatch" */ = {
			isa = XCConfigurationList;
			buildConfigurations = (
				D06AE6BA1DEBC51C008A95DC /* Debug */,
				D06AE6BB1DEBC51C008A95DC /* Release */,
			);
			defaultConfigurationIsVisible = 0;
			defaultConfigurationName = Release;
		};
		D06AE6BC1DEBC51C008A95DC /* Build configuration list for PBXNativeTarget "PizzaWatch WatchKit Extension" */ = {
			isa = XCConfigurationList;
			buildConfigurations = (
				D06AE6BD1DEBC51C008A95DC /* Debug */,
				D06AE6BE1DEBC51C008A95DC /* Release */,
			);
			defaultConfigurationIsVisible = 0;
			defaultConfigurationName = Release;
		};
		D06AE6C01DEBC51C008A95DC /* Build configuration list for PBXNativeTarget "PizzaWatch WatchKit App" */ = {
			isa = XCConfigurationList;
			buildConfigurations = (
				D06AE6C11DEBC51C008A95DC /* Debug */,
				D06AE6C21DEBC51C008A95DC /* Release */,
			);
			defaultConfigurationIsVisible = 0;
			defaultConfigurationName = Release;
		};
		D06AE6C41DEBC51C008A95DC /* Build configuration list for PBXNativeTarget "PizzaWatch" */ = {
			isa = XCConfigurationList;
			buildConfigurations = (
				D06AE6C51DEBC51C008A95DC /* Debug */,
				D06AE6C61DEBC51C008A95DC /* Release */,
			);
			defaultConfigurationIsVisible = 0;
			defaultConfigurationName = Release;
		};
/* End XCConfigurationList section */
	};
	rootObject = D06AE6851DEBC518008A95DC /* Project object */;
}
